Microsoft Visual Studio Solution File, Format Version 12.00
# Visual Studio Version 17
VisualStudioVersion = 17.5.2.0
MinimumVisualStudioVersion = 10.0.40219.1
Project("{2150E333-8FDC-42A3-9474-1A3956D46DE8}") = "final-projects", "final-projects", "{268FFA4B-0B65-06D4-7549-F59284F78696}"
EndProject
Project("{2150E333-8FDC-42A3-9474-1A3956D46DE8}") = "backend", "backend", "{AE9DB913-D5DC-7601-A661-967B8EAEE52E}"
EndProject
Project("{FAE04EC0-301F-11D3-BF4B-00C04F79EFBC}") = "IdentityService", "final-projects\backend\IdentityService\IdentityService.csproj", "{6DF43051-586F-A247-A890-3F039057D3BC}"
EndProject
Global
	GlobalSection(SolutionConfigurationPlatforms) = preSolution
		Debug|Any CPU = Debug|Any CPU
		Release|Any CPU = Release|Any CPU
	EndGlobalSection
	GlobalSection(ProjectConfigurationPlatforms) = postSolution
		{6DF43051-586F-A247-A890-3F039057D3BC}.Debug|Any CPU.ActiveCfg = Debug|Any CPU
		{6DF43051-586F-A247-A890-3F039057D3BC}.Debug|Any CPU.Build.0 = Debug|Any CPU
		{6DF43051-586F-A247-A890-3F039057D3BC}.Release|Any CPU.ActiveCfg = Release|Any CPU
		{6DF43051-586F-A247-A890-3F039057D3BC}.Release|Any CPU.Build.0 = Release|Any CPU
	EndGlobalSection
	GlobalSection(SolutionProperties) = preSolution
		HideSolutionNode = FALSE
	EndGlobalSection
	GlobalSection(NestedProjects) = preSolution
		{AE9DB913-D5DC-7601-A661-967B8EAEE52E} = {268FFA4B-0B65-06D4-7549-F59284F78696}
		{6DF43051-586F-A247-A890-3F039057D3BC} = {AE9DB913-D5DC-7601-A661-967B8EAEE52E}
	EndGlobalSection
	GlobalSection(ExtensibilityGlobals) = postSolution
		SolutionGuid = {FAA930FF-72B9-45F4-957D-C2415CD40907}
	EndGlobalSection
EndGlobal
